
Microsoft Visual Studio Solution File, Format Version 12.00
# Visual Studio Version 17
VisualStudioVersion = 17.12.35521.163
MinimumVisualStudioVersion = 10.0.40219.1
Project("{FAE04EC0-301F-11D3-BF4B-00C04F79EFBC}") = "7.2 Aleksyuk Khachatryan", "7.2 Aleksyuk Khachatryan.csproj", "{7A909158-243E-48A8-B23D-9F23BAEE4ED3}"
EndProject
Project("{FAE04EC0-301F-11D3-BF4B-00C04F79EFBC}") = "RSA", "RSA\RSA.csproj", "{09300EB0-6374-4A2E-BE49-A5330BD6EB1D}"
EndProject
Global
	GlobalSection(SolutionConfigurationPlatforms) = preSolution
		Debug|Any CPU = Debug|Any CPU
		Release|Any CPU = Release|Any CPU
	EndGlobalSection
	GlobalSection(ProjectConfigurationPlatforms) = postSolution
		{7A909158-243E-48A8-B23D-9F23BAEE4ED3}.Debug|Any CPU.ActiveCfg = Debug|Any CPU
		{7A909158-243E-48A8-B23D-9F23BAEE4ED3}.Debug|Any CPU.Build.0 = Debug|Any CPU
		{7A909158-243E-48A8-B23D-9F23BAEE4ED3}.Release|Any CPU.ActiveCfg = Release|Any CPU
		{7A909158-243E-48A8-B23D-9F23BAEE4ED3}.Release|Any CPU.Build.0 = Release|Any CPU
		{09300EB0-6374-4A2E-BE49-A5330BD6EB1D}.Debug|Any CPU.ActiveCfg = Debug|Any CPU
		{09300EB0-6374-4A2E-BE49-A5330BD6EB1D}.Debug|Any CPU.Build.0 = Debug|Any CPU
		{09300EB0-6374-4A2E-BE49-A5330BD6EB1D}.Release|Any CPU.ActiveCfg = Release|Any CPU
		{09300EB0-6374-4A2E-BE49-A5330BD6EB1D}.Release|Any CPU.Build.0 = Release|Any CPU
	EndGlobalSection
	GlobalSection(SolutionProperties) = preSolution
		HideSolutionNode = FALSE
	EndGlobalSection
EndGlobal
